<?xml version="1.0" encoding="utf-8"?>
<Project ToolsVersion="4.0" xmlns="http://schemas.microsoft.com/developer/msbuild/2003">
  <ItemGroup>
    <Filter Include="Source Files">
      <UniqueIdentifier>{4FC737F1-C7A5-4376-A066-2A32D752A2FF}</UniqueIdentifier>
      <Extensions>cpp;c;cc;cxx;def;odl;idl;hpj;bat;asm;asmx</Extensions>
    </Filter>
    <Filter Include="Header Files">
      <UniqueIdentifier>{93995380-89BD-4b04-88EB-625FBE52EBFB}</UniqueIdentifier>
      <Extensions>h;hpp;hxx;hm;inl;inc;xsd</Extensions>
    </Filter>
    <Filter Include="Shaders">
      <UniqueIdentifier>{62d362bf-e2df-4400-9ab8-389bf522e04d}</UniqueIdentifier>
    </Filter>
    <Filter Include="Attribs">
      <UniqueIdentifier>{ca05d84d-06e2-4941-bc07-88570c0f052e}</UniqueIdentifier>
    </Filter>
    <Filter Include="FBO">
      <UniqueIdentifier>{f80132f1-82d1-4df8-b94c-5723bf13aa23}</UniqueIdentifier>
    </Filter>
  </ItemGroup>
  <ItemGroup>
    <ClCompile Include="LightScatteringPostProcess.cpp">
      <Filter>Source Files</Filter>
    </ClCompile>
    <ClCompile Include="main.cpp">
      <Filter>Source Files</Filter>
    </ClCompile>
    <ClCompile Include="Mesh.cpp">
      <Filter>Source Files</Filter>
    </ClCompile>
    <ClCompile Include="OutdoorLightScattering.cpp">
      <Filter>Source Files</Filter>
    </ClCompile>
    <ClCompile Include="Pipeline.cpp">
      <Filter>Source Files</Filter>
    </ClCompile>
    <ClCompile Include="PostProcessingAttribs.cpp">
      <Filter>Source Files</Filter>
    </ClCompile>
    <ClCompile Include="Shader.cpp">
      <Filter>Source Files</Filter>
    </ClCompile>
    <ClCompile Include="Texture.cpp">
      <Filter>Source Files</Filter>
    </ClCompile>
    <ClCompile Include="UBO.cpp">
      <Filter>Source Files</Filter>
    </ClCompile>
    <ClCompile Include="Depth_fbo.cpp">
      <Filter>FBO</Filter>
    </ClCompile>
    <ClCompile Include="fbo.cpp">
      <Filter>FBO</Filter>
    </ClCompile>
    <ClCompile Include="Coordinate_texture_fbo.cpp">
      <Filter>FBO</Filter>
    </ClCompile>
    <ClCompile Include="AirScatteringAttribs.cpp">
      <Filter>Attribs</Filter>
    </ClCompile>
    <ClCompile Include="CameraAttribs.cpp">
      <Filter>Attribs</Filter>
    </ClCompile>
    <ClCompile Include="LightAttribs.cpp">
      <Filter>Attribs</Filter>
    </ClCompile>
  </ItemGroup>
  <ItemGroup>
    <ClInclude Include="CommonMath.h">
      <Filter>Header Files</Filter>
    </ClInclude>
    <ClInclude Include="Light.h">
      <Filter>Header Files</Filter>
    </ClInclude>
    <ClInclude Include="LightScatteringPostProcess.h">
      <Filter>Header Files</Filter>
    </ClInclude>
    <ClInclude Include="Mesh.h">
      <Filter>Header Files</Filter>
    </ClInclude>
    <ClInclude Include="OutdoorLightScattering.h">
      <Filter>Header Files</Filter>
    </ClInclude>
    <ClInclude Include="Pipeline.h">
      <Filter>Header Files</Filter>
    </ClInclude>
    <ClInclude Include="PostProcessingAttribs.h">
      <Filter>Header Files</Filter>
    </ClInclude>
    <ClInclude Include="Shader.h">
      <Filter>Header Files</Filter>
    </ClInclude>
    <ClInclude Include="Struct.h">
      <Filter>Header Files</Filter>
    </ClInclude>
    <ClInclude Include="Texture.h">
      <Filter>Header Files</Filter>
    </ClInclude>
    <ClInclude Include="UBO.h">
      <Filter>Header Files</Filter>
    </ClInclude>
    <ClInclude Include="Util.h">
      <Filter>Header Files</Filter>
    </ClInclude>
    <ClInclude Include="VBO.h">
      <Filter>Header Files</Filter>
    </ClInclude>
    <ClInclude Include="CameraAttribs.h">
      <Filter>Attribs</Filter>
    </ClInclude>
    <ClInclude Include="AirScatteringAttribs.h">
      <Filter>Attribs</Filter>
    </ClInclude>
    <ClInclude Include="LightAttribs.h">
      <Filter>Attribs</Filter>
    </ClInclude>
    <ClInclude Include="fbo.h">
      <Filter>FBO</Filter>
    </ClInclude>
    <ClInclude Include="Coordinate_texture_fbo.h">
      <Filter>FBO</Filter>
    </ClInclude>
    <ClInclude Include="Depth_fbo.h">
      <Filter>FBO</Filter>
    </ClInclude>
  </ItemGroup>
  <ItemGroup>
    <None Include="Shaders\1fragrender.glsl">
      <Filter>Shaders</Filter>
    </None>
    <None Include="Shaders\1vertrender.glsl">
      <Filter>Shaders</Filter>
    </None>
    <None Include="Shaders\0fragLightAndCameraDepth.glsl">
      <Filter>Shaders</Filter>
    </None>
    <None Include="Shaders\0vertLightAndCameraDepth.glsl">
      <Filter>Shaders</Filter>
    </None>
    <None Include="Shaders\2vertOutdoorlightScattering.glsl">
      <Filter>Shaders</Filter>
    </None>
    <None Include="Shaders\2fragOutdoorlightScattering.glsl">
      <Filter>Shaders</Filter>
    </None>
  </ItemGroup>
  <ItemGroup>
    <Text Include="Shaders\1fragRenderCoordinateTexture..txt">
      <Filter>Shaders</Filter>
    </Text>
    <Text Include="Shaders\1vertRenderCoordinateTexture.txt">
      <Filter>Shaders</Filter>
    </Text>
  </ItemGroup>
</Project>